{
  "name": "my-blog",
  "version": "1.0.0",
  "lockfileVersion": 3,
  "requires": true,
  "packages": {
    "": {
      "name": "my-blog",
      "version": "1.0.0",
      "license": "Apache-2.0",
      "dependencies": {
        "dequal": "^2.0.3",
        "marked": "^15.0.12",
        "marked-alert": "^2.1.2",
        "marked-directive": "^1.0.7",
        "marked-katex-extension": "^5.1.4"
      },
      "devDependencies": {
        "@types/node": "^22.15.24",
        "typescript": "^5.8.3"
      }
    },
    "node_modules/@types/node": {
      "version": "22.15.24",
      "resolved": "https://registry.npmjs.org/@types/node/-/node-22.15.24.tgz",
      "integrity": "sha512-w9CZGm9RDjzTh/D+hFwlBJ3ziUaVw7oufKA3vOFSOZlzmW9AkZnfjPb+DLnrV6qtgL/LNmP0/2zBNCFHL3F0ng==",
      "dev": true,
      "license": "MIT",
      "dependencies": {
        "undici-types": "~6.21.0"
      }
    },
    "node_modules/attributes-parser": {
      "version": "2.2.3",
      "resolved": "https://registry.npmjs.org/attributes-parser/-/attributes-parser-2.2.3.tgz",
      "integrity": "sha512-zjOUWt95la8AdUO+kP1GBOonWrV5jy9NjJP+z9tva/DSA6FIzGKcN/gk3tdqQf/pOeB8dkyd3FCPrjhELMmrkg==",
      "license": "MIT",
      "dependencies": {
        "json-loose": "^1.2.4"
      }
    },
    "node_modules/commander": {
      "version": "8.3.0",
      "resolved": "https://registry.npmjs.org/commander/-/commander-8.3.0.tgz",
      "integrity": "sha512-OkTL9umf+He2DZkUq8f8J9of7yL6RJKI24dVITBmNfZBmri9zYZQrKkuXiKhyfPSu8tUhnVBB1iKXevvnlR4Ww==",
      "license": "MIT",
      "peer": true,
      "engines": {
        "node": ">= 12"
      }
    },
    "node_modules/dequal": {
      "version": "2.0.3",
      "resolved": "https://registry.npmjs.org/dequal/-/dequal-2.0.3.tgz",
      "integrity": "sha512-0je+qPKHEMohvfRTCEo3CrPG6cAzAYgmzKyxRiYSSDkS6eGJdyVJm7WaYA5ECaAD9wLB2T4EEeymA5aFVcYXCA==",
      "license": "MIT",
      "engines": {
        "node": ">=6"
      }
    },
    "node_modules/json-loose": {
      "version": "1.2.4",
      "resolved": "https://registry.npmjs.org/json-loose/-/json-loose-1.2.4.tgz",
      "integrity": "sha512-lwMWNC5pvVI33rhYWmAsmtICWE2IH7euDY/iIPeMFE5AuzAifYgqQrjqSMzwbrFV6MWPs41XD+CajElHI4cZMQ==",
      "license": "MIT",
      "dependencies": {
        "moo": "^0.5.2"
      }
    },
    "node_modules/katex": {
      "version": "0.16.22",
      "resolved": "https://registry.npmjs.org/katex/-/katex-0.16.22.tgz",
      "integrity": "sha512-XCHRdUw4lf3SKBaJe4EvgqIuWwkPSo9XoeO8GjQW94Bp7TWv9hNhzZjZ+OH9yf1UmLygb7DIT5GSFQiyt16zYg==",
      "funding": [
        "https://opencollective.com/katex",
        "https://github.com/sponsors/katex"
      ],
      "license": "MIT",
      "peer": true,
      "dependencies": {
        "commander": "^8.3.0"
      },
      "bin": {
        "katex": "cli.js"
      }
    },
    "node_modules/marked": {
      "version": "15.0.12",
      "resolved": "https://registry.npmjs.org/marked/-/marked-15.0.12.tgz",
      "integrity": "sha512-8dD6FusOQSrpv9Z1rdNMdlSgQOIP880DHqnohobOmYLElGEqAL/JvxvuxZO16r4HtjTlfPRDC1hbvxC9dPN2nA==",
      "license": "MIT",
      "bin": {
        "marked": "bin/marked.js"
      },
      "engines": {
        "node": ">= 18"
      }
    },
    "node_modules/marked-alert": {
      "version": "2.1.2",
      "resolved": "https://registry.npmjs.org/marked-alert/-/marked-alert-2.1.2.tgz",
      "integrity": "sha512-EFNRZ08d8L/iEIPLTlQMDjvwIsj03gxWCczYTht6DCiHJIZhMk4NK5gtPY9UqAYb09eV5VGT+jD4lp396E0I+w==",
      "license": "MIT",
      "peerDependencies": {
        "marked": ">=7.0.0"
      }
    },
    "node_modules/marked-directive": {
      "version": "1.0.7",
      "resolved": "https://registry.npmjs.org/marked-directive/-/marked-directive-1.0.7.tgz",
      "integrity": "sha512-2OilBJg5kSM0b7ijKlmIne8k1eA1YrNAWasw84fmfihgWuOQJFPmI5GzZd3DgM8PSquAKnYx87Qt5j/2Sw7JNA==",
      "license": "MIT",
      "dependencies": {
        "attributes-parser": "^2.2.3"
      },
      "peerDependencies": {
        "marked": ">=7.0.0"
      }
    },
    "node_modules/marked-katex-extension": {
      "version": "5.1.4",
      "resolved": "https://registry.npmjs.org/marked-katex-extension/-/marked-katex-extension-5.1.4.tgz",
      "integrity": "sha512-GQOio4vCp0laxB1IY+2oNVo5nbn82yWMDP/jILRYHmyu2WXMVlXCB+krq2/U2fQn+V9j8aqDmnNdrsgqG2AkGQ==",
      "license": "MIT",
      "peerDependencies": {
        "katex": ">=0.16 <0.17",
        "marked": ">=4 <16"
      }
    },
    "node_modules/moo": {
      "version": "0.5.2",
      "resolved": "https://registry.npmjs.org/moo/-/moo-0.5.2.tgz",
      "integrity": "sha512-iSAJLHYKnX41mKcJKjqvnAN9sf0LMDTXDEvFv+ffuRR9a1MIuXLjMNL6EsnDHSkKLTWNqQQ5uo61P4EbU4NU+Q==",
      "license": "BSD-3-Clause"
    },
    "node_modules/typescript": {
      "version": "5.8.3",
      "resolved": "https://registry.npmjs.org/typescript/-/typescript-5.8.3.tgz",
      "integrity": "sha512-p1diW6TqL9L07nNxvRMM7hMMw4c5XOo/1ibL4aAIGmSAt9slTE1Xgw5KWuof2uTOvCg9BY7ZRi+GaF+7sfgPeQ==",
      "dev": true,
      "license": "Apache-2.0",
      "bin": {
        "tsc": "bin/tsc",
        "tsserver": "bin/tsserver"
      },
      "engines": {
        "node": ">=14.17"
      }
    },
    "node_modules/undici-types": {
      "version": "6.21.0",
      "resolved": "https://registry.npmjs.org/undici-types/-/undici-types-6.21.0.tgz",
      "integrity": "sha512-iwDZqg0QAGrg9Rav5H4n0M64c3mkR59cJ6wQp+7C4nI0gsmExaedaYLNO44eT4AtBBwjbTiGPMlt2Md0T9H9JQ==",
      "dev": true,
      "license": "MIT"
    }
  }
}
